
Microsoft Visual Studio Solution File, Format Version 12.00
# Visual Studio 2012
Project("{FAE04EC0-301F-11D3-BF4B-00C04F79EFBC}") = "AASD_BuisnessLayer", "AASD_BuisnessLayer\AASD_BuisnessLayer.csproj", "{DF680885-1702-4980-8C41-B2B637D2F621}"
EndProject
Project("{FAE04EC0-301F-11D3-BF4B-00C04F79EFBC}") = "AASD_ServiceLayer", "AASD_ServiceLayer\AASD_ServiceLayer.csproj", "{7E7F0BAC-D7B9-440C-8918-A76889E3ED7B}"
EndProject
Project("{FAE04EC0-301F-11D3-BF4B-00C04F79EFBC}") = "AASD_WebUI", "AASD_WebUI\AASD_WebUI.csproj", "{FB94FEBD-3A60-4B36-ABA2-209994EA1EDD}"
EndProject
Project("{FAE04EC0-301F-11D3-BF4B-00C04F79EFBC}") = "AASD_Data Access Layer", "AASD_Data Access Layer\AASD_Data Access Layer.csproj", "{C721DA3A-B57D-4163-BA92-8878BAF61E75}"
EndProject
Project("{FAE04EC0-301F-11D3-BF4B-00C04F79EFBC}") = "AASD_DataTransferObject", "AASD_DataTransferObject\AASD_DataTransferObject.csproj", "{EF9A69EA-896B-49E7-AC15-5236324667D2}"
EndProject
Project("{FAE04EC0-301F-11D3-BF4B-00C04F79EFBC}") = "AASD_BingAPIService", "AASD_BingAPIService\AASD_BingAPIService.csproj", "{93491D09-8779-45F4-A088-09B50FBCD001}"
EndProject
Global
	GlobalSection(SolutionConfigurationPlatforms) = preSolution
		Debug|Any CPU = Debug|Any CPU
		Release|Any CPU = Release|Any CPU
	EndGlobalSection
	GlobalSection(ProjectConfigurationPlatforms) = postSolution
		{DF680885-1702-4980-8C41-B2B637D2F621}.Debug|Any CPU.ActiveCfg = Debug|Any CPU
		{DF680885-1702-4980-8C41-B2B637D2F621}.Debug|Any CPU.Build.0 = Debug|Any CPU
		{DF680885-1702-4980-8C41-B2B637D2F621}.Release|Any CPU.ActiveCfg = Release|Any CPU
		{DF680885-1702-4980-8C41-B2B637D2F621}.Release|Any CPU.Build.0 = Release|Any CPU
		{7E7F0BAC-D7B9-440C-8918-A76889E3ED7B}.Debug|Any CPU.ActiveCfg = Debug|Any CPU
		{7E7F0BAC-D7B9-440C-8918-A76889E3ED7B}.Debug|Any CPU.Build.0 = Debug|Any CPU
		{7E7F0BAC-D7B9-440C-8918-A76889E3ED7B}.Release|Any CPU.ActiveCfg = Release|Any CPU
		{7E7F0BAC-D7B9-440C-8918-A76889E3ED7B}.Release|Any CPU.Build.0 = Release|Any CPU
		{FB94FEBD-3A60-4B36-ABA2-209994EA1EDD}.Debug|Any CPU.ActiveCfg = Debug|Any CPU
		{FB94FEBD-3A60-4B36-ABA2-209994EA1EDD}.Debug|Any CPU.Build.0 = Debug|Any CPU
		{FB94FEBD-3A60-4B36-ABA2-209994EA1EDD}.Release|Any CPU.ActiveCfg = Release|Any CPU
		{FB94FEBD-3A60-4B36-ABA2-209994EA1EDD}.Release|Any CPU.Build.0 = Release|Any CPU
		{C721DA3A-B57D-4163-BA92-8878BAF61E75}.Debug|Any CPU.ActiveCfg = Debug|Any CPU
		{C721DA3A-B57D-4163-BA92-8878BAF61E75}.Debug|Any CPU.Build.0 = Debug|Any CPU
		{C721DA3A-B57D-4163-BA92-8878BAF61E75}.Release|Any CPU.ActiveCfg = Release|Any CPU
		{C721DA3A-B57D-4163-BA92-8878BAF61E75}.Release|Any CPU.Build.0 = Release|Any CPU
		{EF9A69EA-896B-49E7-AC15-5236324667D2}.Debug|Any CPU.ActiveCfg = Debug|Any CPU
		{EF9A69EA-896B-49E7-AC15-5236324667D2}.Debug|Any CPU.Build.0 = Debug|Any CPU
		{EF9A69EA-896B-49E7-AC15-5236324667D2}.Release|Any CPU.ActiveCfg = Release|Any CPU
		{EF9A69EA-896B-49E7-AC15-5236324667D2}.Release|Any CPU.Build.0 = Release|Any CPU
		{93491D09-8779-45F4-A088-09B50FBCD001}.Debug|Any CPU.ActiveCfg = Debug|Any CPU
		{93491D09-8779-45F4-A088-09B50FBCD001}.Debug|Any CPU.Build.0 = Debug|Any CPU
		{93491D09-8779-45F4-A088-09B50FBCD001}.Release|Any CPU.ActiveCfg = Release|Any CPU
		{93491D09-8779-45F4-A088-09B50FBCD001}.Release|Any CPU.Build.0 = Release|Any CPU
	EndGlobalSection
	GlobalSection(SolutionProperties) = preSolution
		HideSolutionNode = FALSE
	EndGlobalSection
EndGlobal
